
Microsoft Visual Studio Solution File, Format Version 12.00
# Visual Studio 14
VisualStudioVersion = 14.0.25420.1
MinimumVisualStudioVersion = 10.0.40219.1
Project("{FAE04EC0-301F-11D3-BF4B-00C04F79EFBC}") = "Edgecam_Manager_DataSheet_Editor", "Edgecam_Manager_DataSheetDev\Edgecam_Manager_DataSheet_Editor\Edgecam_Manager_DataSheet_Editor.csproj", "{C06BB4E7-E718-48A6-910D-2BD90C3CDF9D}"
EndProject
Project("{FAE04EC0-301F-11D3-BF4B-00C04F79EFBC}") = "Edgecam_Manager_DataSheet_Query", "Edgecam_Manager_DataSheetDev\Edgecam_Manager_DataSheet_Query\Edgecam_Manager_DataSheet_Query.csproj", "{5AC598C5-E90F-4C36-BD4A-CAFA00E29D4A}"
EndProject
Project("{FAE04EC0-301F-11D3-BF4B-00C04F79EFBC}") = "Edgecam_Manager_DataSheet_Write", "Edgecam_Manager_DataSheetDev\Edgecam_Manager_DataSheet_Write\Edgecam_Manager_DataSheet_Write.csproj", "{88A13643-049C-4BB0-B45C-4A6B6E39F62C}"
EndProject
Global
	GlobalSection(SolutionConfigurationPlatforms) = preSolution
		Debug|Any CPU = Debug|Any CPU
		Release|Any CPU = Release|Any CPU
	EndGlobalSection
	GlobalSection(ProjectConfigurationPlatforms) = postSolution
		{C06BB4E7-E718-48A6-910D-2BD90C3CDF9D}.Debug|Any CPU.ActiveCfg = Debug|Any CPU
		{C06BB4E7-E718-48A6-910D-2BD90C3CDF9D}.Debug|Any CPU.Build.0 = Debug|Any CPU
		{C06BB4E7-E718-48A6-910D-2BD90C3CDF9D}.Release|Any CPU.ActiveCfg = Release|Any CPU
		{C06BB4E7-E718-48A6-910D-2BD90C3CDF9D}.Release|Any CPU.Build.0 = Release|Any CPU
		{5AC598C5-E90F-4C36-BD4A-CAFA00E29D4A}.Debug|Any CPU.ActiveCfg = Debug|Any CPU
		{5AC598C5-E90F-4C36-BD4A-CAFA00E29D4A}.Debug|Any CPU.Build.0 = Debug|Any CPU
		{5AC598C5-E90F-4C36-BD4A-CAFA00E29D4A}.Release|Any CPU.ActiveCfg = Release|Any CPU
		{5AC598C5-E90F-4C36-BD4A-CAFA00E29D4A}.Release|Any CPU.Build.0 = Release|Any CPU
		{88A13643-049C-4BB0-B45C-4A6B6E39F62C}.Debug|Any CPU.ActiveCfg = Debug|Any CPU
		{88A13643-049C-4BB0-B45C-4A6B6E39F62C}.Debug|Any CPU.Build.0 = Debug|Any CPU
		{88A13643-049C-4BB0-B45C-4A6B6E39F62C}.Release|Any CPU.ActiveCfg = Release|Any CPU
		{88A13643-049C-4BB0-B45C-4A6B6E39F62C}.Release|Any CPU.Build.0 = Release|Any CPU
	EndGlobalSection
	GlobalSection(SolutionProperties) = preSolution
		HideSolutionNode = FALSE
	EndGlobalSection
EndGlobal
