
Microsoft Visual Studio Solution File, Format Version 12.00
# Visual Studio 2013
VisualStudioVersion = 12.0.21005.1
MinimumVisualStudioVersion = 10.0.40219.1
Project("{FAE04EC0-301F-11D3-BF4B-00C04F79EFBC}") = "Edgecam_Manager_Notifications", "Edgecam_Manager_Notifications\Edgecam_Manager_Notifications.csproj", "{78F556C7-D1B4-48B9-A7D1-86AB12A3A7C1}"
EndProject
Project("{FAE04EC0-301F-11D3-BF4B-00C04F79EFBC}") = "Edgecam_Manager_BackgroundService", "Edgecam_Manager_BackgroundService\Edgecam_Manager_BackgroundService.csproj", "{38DA8212-9C67-46F5-A989-4BEF604C7C3F}"
EndProject
Global
	GlobalSection(SolutionConfigurationPlatforms) = preSolution
		Debug|Any CPU = Debug|Any CPU
		Release|Any CPU = Release|Any CPU
	EndGlobalSection
	GlobalSection(ProjectConfigurationPlatforms) = postSolution
		{78F556C7-D1B4-48B9-A7D1-86AB12A3A7C1}.Debug|Any CPU.ActiveCfg = Debug|Any CPU
		{78F556C7-D1B4-48B9-A7D1-86AB12A3A7C1}.Debug|Any CPU.Build.0 = Debug|Any CPU
		{78F556C7-D1B4-48B9-A7D1-86AB12A3A7C1}.Release|Any CPU.ActiveCfg = Release|Any CPU
		{78F556C7-D1B4-48B9-A7D1-86AB12A3A7C1}.Release|Any CPU.Build.0 = Release|Any CPU
		{38DA8212-9C67-46F5-A989-4BEF604C7C3F}.Debug|Any CPU.ActiveCfg = Debug|Any CPU
		{38DA8212-9C67-46F5-A989-4BEF604C7C3F}.Debug|Any CPU.Build.0 = Debug|Any CPU
		{38DA8212-9C67-46F5-A989-4BEF604C7C3F}.Release|Any CPU.ActiveCfg = Release|Any CPU
		{38DA8212-9C67-46F5-A989-4BEF604C7C3F}.Release|Any CPU.Build.0 = Release|Any CPU
	EndGlobalSection
	GlobalSection(SolutionProperties) = preSolution
		HideSolutionNode = FALSE
	EndGlobalSection
EndGlobal
